// !$*UTF8*$!
{
	archiveVersion = 1;
	classes = {
	};
	objectVersion = 46;
	objects = {

/* Begin PBXBuildFile section */
		1977F4DE1BE7AB1D00F29A74 /* main.m in Sources */ = {isa = PBXBuildFile; fileRef = 1977F4DD1BE7AB1D00F29A74 /* main.m */; };
		1977F4E11BE7AB1D00F29A74 /* AppDelegate.m in Sources */ = {isa = PBXBuildFile; fileRef = 1977F4E01BE7AB1D00F29A74 /* AppDelegate.m */; };
		1977F4E41BE7AB1D00F29A74 /* ViewController.m in Sources */ = {isa = PBXBuildFile; fileRef = 1977F4E31BE7AB1D00F29A74 /* ViewController.m */; };
		1977F4E71BE7AB1D00F29A74 /* Main.storyboard in Resources */ = {isa = PBXBuildFile; fileRef = 1977F4E51BE7AB1D00F29A74 /* Main.storyboard */; };
		1977F4E91BE7AB1D00F29A74 /* Assets.xcassets in Resources */ = {isa = PBXBuildFile; fileRef = 1977F4E81BE7AB1D00F29A74 /* Assets.xcassets */; };
		1977F4EC1BE7AB1D00F29A74 /* LaunchScreen.storyboard in Resources */ = {isa = PBXBuildFile; fileRef = 1977F4EA1BE7AB1D00F29A74 /* LaunchScreen.storyboard */; };
		1977F4F41BE7BABD00F29A74 /* 1456708_10152032669799724_659287411_n.jpg in Resources */ = {isa = PBXBuildFile; fileRef = 1977F4F31BE7BABD00F29A74 /* 1456708_10152032669799724_659287411_n.jpg */; };
/* End PBXBuildFile section */

/* Begin PBXFileReference section */
		1977F4D91BE7AB1D00F29A74 /* CoffeApp.app */ = {isa = PBXFileReference; explicitFileType = wrapper.application; includeInIndex = 0; path = CoffeApp.app; sourceTree = BUILT_PRODUCTS_DIR; };
		1977F4DD1BE7AB1D00F29A74 /* main.m */ = {isa = PBXFileReference; lastKnownFileType = sourcecode.c.objc; path = main.m; sourceTree = "<group>"; };
		1977F4DF1BE7AB1D00F29A74 /* AppDelegate.h */ = {isa = PBXFileReference; lastKnownFileType = sourcecode.c.h; path = AppDelegate.h; sourceTree = "<group>"; };
		1977F4E01BE7AB1D00F29A74 /* AppDelegate.m */ = {isa = PBXFileReference; lastKnownFileType = sourcecode.c.objc; path = AppDelegate.m; sourceTree = "<group>"; };
		1977F4E21BE7AB1D00F29A74 /* ViewController.h */ = {isa = PBXFileReference; lastKnownFileType = sourcecode.c.h; path = ViewController.h; sourceTree = "<group>"; };
		1977F4E31BE7AB1D00F29A74 /* ViewController.m */ = {isa = PBXFileReference; lastKnownFileType = sourcecode.c.objc; path = ViewController.m; sourceTree = "<group>"; };
		1977F4E61BE7AB1D00F29A74 /* Base */ = {isa = PBXFileReference; lastKnownFileType = file.storyboard; name = Base; path = Base.lproj/Main.storyboard; sourceTree = "<group>"; };
		1977F4E81BE7AB1D00F29A74 /* Assets.xcassets */ = {isa = PBXFileReference; lastKnownFileType = folder.assetcatalog; path = Assets.xcassets; sourceTree = "<group>"; };
		1977F4EB1BE7AB1D00F29A74 /* Base */ = {isa = PBXFileReference; lastKnownFileType = file.storyboard; name = Base; path = Base.lproj/LaunchScreen.storyboard; sourceTree = "<group>"; };
		1977F4ED1BE7AB1D00F29A74 /* Info.plist */ = {isa = PBXFileReference; lastKnownFileType = text.plist.xml; path = Info.plist; sourceTree = "<group>"; };
		1977F4F31BE7BABD00F29A74 /* 1456708_10152032669799724_659287411_n.jpg */ = {isa = PBXFileReference; lastKnownFileType = image.jpeg; path = 1456708_10152032669799724_659287411_n.jpg; sourceTree = SOURCE_ROOT; };
/* End PBXFileReference section */

/* Begin PBXFrameworksBuildPhase section */
		1977F4D61BE7AB1D00F29A74 /* Frameworks */ = {
			isa = PBXFrameworksBuildPhase;
			buildActionMask = 2147483647;
			files = (
			);
			runOnlyForDeploymentPostprocessing = 0;
		};
/* End PBXFrameworksBuildPhase section */

/* Begin PBXGroup section */
		1977F4D01BE7AB1D00F29A74 = {
			isa = PBXGroup;
			children = (
				1977F4DB1BE7AB1D00F29A74 /* CoffeApp */,
				1977F4DA1BE7AB1D00F29A74 /* Products */,
			);
			sourceTree = "<group>";
		};
		1977F4DA1BE7AB1D00F29A74 /* Products */ = {
			isa = PBXGroup;
			children = (
				1977F4D91BE7AB1D00F29A74 /* CoffeApp.app */,
			);
			name = Products;
			sourceTree = "<group>";
		};
		1977F4DB1BE7AB1D00F29A74 /* CoffeApp */ = {
			isa = PBXGroup;
			children = (
				1977F4DF1BE7AB1D00F29A74 /* AppDelegate.h */,
				1977F4E01BE7AB1D00F29A74 /* AppDelegate.m */,
				1977F4E21BE7AB1D00F29A74 /* ViewController.h */,
				1977F4E31BE7AB1D00F29A74 /* ViewController.m */,
				1977F4E51BE7AB1D00F29A74 /* Main.storyboard */,
				1977F4E81BE7AB1D00F29A74 /* Assets.xcassets */,
				1977F4F31BE7BABD00F29A74 /* 1456708_10152032669799724_659287411_n.jpg */,
				1977F4EA1BE7AB1D00F29A74 /* LaunchScreen.storyboard */,
				1977F4ED1BE7AB1D00F29A74 /* Info.plist */,
				1977F4DC1BE7AB1D00F29A74 /* Supporting Files */,
			);
			path = CoffeApp;
			sourceTree = "<group>";
		};
		1977F4DC1BE7AB1D00F29A74 /* Supporting Files */ = {
			isa = PBXGroup;
			children = (
				1977F4DD1BE7AB1D00F29A74 /* main.m */,
			);
			name = "Supporting Files";
			sourceTree = "<group>";
		};
/* End PBXGroup section */

/* Begin PBXNativeTarget section */
		1977F4D81BE7AB1D00F29A74 /* CoffeApp */ = {
			isa = PBXNativeTarget;
			buildConfigurationList = 1977F4F01BE7AB1D00F29A74 /* Build configuration list for PBXNativeTarget "CoffeApp" */;
			buildPhases = (
				1977F4D51BE7AB1D00F29A74 /* Sources */,
				1977F4D61BE7AB1D00F29A74 /* Frameworks */,
				1977F4D71BE7AB1D00F29A74 /* Resources */,
			);
			buildRules = (
			);
			dependencies = (
			);
			name = CoffeApp;
			productName = CoffeApp;
			productReference = 1977F4D91BE7AB1D00F29A74 /* CoffeApp.app */;
			productType = "com.apple.product-type.application";
		};
/* End PBXNativeTarget section */

/* Begin PBXProject section */
		1977F4D11BE7AB1D00F29A74 /* Project object */ = {
			isa = PBXProject;
			attributes = {
				LastUpgradeCheck = 0720;
				ORGANIZATIONNAME = "Visual Recruit Pty Ltd";
				TargetAttributes = {
					1977F4D81BE7AB1D00F29A74 = {
						CreatedOnToolsVersion = 7.2;
						DevelopmentTeam = 4B35334RF5;
					};
				};
			};
			buildConfigurationList = 1977F4D41BE7AB1D00F29A74 /* Build configuration list for PBXProject "CoffeApp" */;
			compatibilityVersion = "Xcode 3.2";
			developmentRegion = English;
			hasScannedForEncodings = 0;
			knownRegions = (
				en,
				Base,
			);
			mainGroup = 1977F4D01BE7AB1D00F29A74;
			productRefGroup = 1977F4DA1BE7AB1D00F29A74 /* Products */;
			projectDirPath = "";
			projectRoot = "";
			targets = (
				1977F4D81BE7AB1D00F29A74 /* CoffeApp */,
			);
		};
/* End PBXProject section */

/* Begin PBXResourcesBuildPhase section */
		1977F4D71BE7AB1D00F29A74 /* Resources */ = {
			isa = PBXResourcesBuildPhase;
			buildActionMask = 2147483647;
			files = (
				1977F4EC1BE7AB1D00F29A74 /* LaunchScreen.storyboard in Resources */,
				1977F4E91BE7AB1D00F29A74 /* Assets.xcassets in Resources */,
				1977F4F41BE7BABD00F29A74 /* 1456708_10152032669799724_659287411_n.jpg in Resources */,
				1977F4E71BE7AB1D00F29A74 /* Main.storyboard in Resources */,
			);
			runOnlyForDeploymentPostprocessing = 0;
		};
/* End PBXResourcesBuildPhase section */

/* Begin PBXSourcesBuildPhase section */
		1977F4D51BE7AB1D00F29A74 /* Sources */ = {
			isa = PBXSourcesBuildPhase;
			buildActionMask = 2147483647;
			files = (
				1977F4E41BE7AB1D00F29A74 /* ViewController.m in Sources */,
				1977F4E11BE7AB1D00F29A74 /* AppDelegate.m in Sources */,
				1977F4DE1BE7AB1D00F29A74 /* main.m in Sources */,
			);
			runOnlyForDeploymentPostprocessing = 0;
		};
/* End PBXSourcesBuildPhase section */

/* Begin PBXVariantGroup section */
		1977F4E51BE7AB1D00F29A74 /* Main.storyboard */ = {
			isa = PBXVariantGroup;
			children = (
				1977F4E61BE7AB1D00F29A74 /* Base */,
			);
			name = Main.storyboard;
			sourceTree = "<group>";
		};
		1977F4EA1BE7AB1D00F29A74 /* LaunchScreen.storyboard */ = {
			isa = PBXVariantGroup;
			children = (
				1977F4EB1BE7AB1D00F29A74 /* Base */,
			);
			name = LaunchScreen.storyboard;
			sourceTree = "<group>";
		};
/* End PBXVariantGroup section */

/* Begin XCBuildConfiguration section */
		1977F4EE1BE7AB1D00F29A74 /* Debug */ = {
			isa = XCBuildConfiguration;
			buildSettings = {
				ALWAYS_SEARCH_USER_PATHS = NO;
				CLANG_CXX_LANGUAGE_STANDARD = "gnu++0x";
				CLANG_CXX_LIBRARY = "libc++";
				CLANG_ENABLE_MODULES = YES;
				CLANG_ENABLE_OBJC_ARC = YES;
				CLANG_WARN_BOOL_CONVERSION = YES;
				CLANG_WARN_CONSTANT_CONVERSION = YES;
				CLANG_WARN_DIRECT_OBJC_ISA_USAGE = YES_ERROR;
				CLANG_WARN_EMPTY_BODY = YES;
				CLANG_WARN_ENUM_CONVERSION = YES;
				CLANG_WARN_INT_CONVERSION = YES;
				CLANG_WARN_OBJC_ROOT_CLASS = YES_ERROR;
				CLANG_WARN_UNREACHABLE_CODE = YES;
				CLANG_WARN__DUPLICATE_METHOD_MATCH = YES;
				"CODE_SIGN_IDENTITY[sdk=iphoneos*]" = "iPhone Developer";
				COPY_PHASE_STRIP = NO;
				DEBUG_INFORMATION_FORMAT = dwarf;
				ENABLE_STRICT_OBJC_MSGSEND = YES;
				ENABLE_TESTABILITY = YES;
				GCC_C_LANGUAGE_STANDARD = gnu99;
				GCC_DYNAMIC_NO_PIC = NO;
				GCC_NO_COMMON_BLOCKS = YES;
				GCC_OPTIMIZATION_LEVEL = 0;
				GCC_PREPROCESSOR_DEFINITIONS = (
					"DEBUG=1",
					"$(inherited)",
				);
				GCC_WARN_64_TO_32_BIT_CONVERSION = YES;
				GCC_WARN_ABOUT_RETURN_TYPE = YES_ERROR;
				GCC_WARN_UNDECLARED_SELECTOR = YES;
				GCC_WARN_UNINITIALIZED_AUTOS = YES_AGGRESSIVE;
				GCC_WARN_UNUSED_FUNCTION = YES;
				GCC_WARN_UNUSED_VARIABLE = YES;
				IPHONEOS_DEPLOYMENT_TARGET = 9.2;
				MTL_ENABLE_DEBUG_INFO = YES;
				ONLY_ACTIVE_ARCH = YES;
				SDKROOT = iphoneos;
				TARGETED_DEVICE_FAMILY = "1,2";
			};
			name = Debug;
		};
		1977F4EF1BE7AB1D00F29A74 /* Release */ = {
			isa = XCBuildConfiguration;
			buildSettings = {
				ALWAYS_SEARCH_USER_PATHS = NO;
				CLANG_CXX_LANGUAGE_STANDARD = "gnu++0x";
				CLANG_CXX_LIBRARY = "libc++";
				CLANG_ENABLE_MODULES = YES;
				CLANG_ENABLE_OBJC_ARC = YES;
				CLANG_WARN_BOOL_CONVERSION = YES;
				CLANG_WARN_CONSTANT_CONVERSION = YES;
				CLANG_WARN_DIRECT_OBJC_ISA_USAGE = YES_ERROR;
				CLANG_WARN_EMPTY_BODY = YES;
				CLANG_WARN_ENUM_CONVERSION = YES;
				CLANG_WARN_INT_CONVERSION = YES;
				CLANG_WARN_OBJC_ROOT_CLASS = YES_ERROR;
				CLANG_WARN_UNREACHABLE_CODE = YES;
				CLANG_WARN__DUPLICATE_METHOD_MATCH = YES;
				"CODE_SIGN_IDENTITY[sdk=iphoneos*]" = "iPhone Developer";
				COPY_PHASE_STRIP = NO;
				DEBUG_INFORMATION_FORMAT = "dwarf-with-dsym";
				ENABLE_NS_ASSERTIONS = NO;
				ENABLE_STRICT_OBJC_MSGSEND = YES;
				GCC_C_LANGUAGE_STANDARD = gnu99;
				GCC_NO_COMMON_BLOCKS = YES;
				GCC_WARN_64_TO_32_BIT_CONVERSION = YES;
				GCC_WARN_ABOUT_RETURN_TYPE = YES_ERROR;
				GCC_WARN_UNDECLARED_SELECTOR = YES;
				GCC_WARN_UNINITIALIZED_AUTOS = YES_AGGRESSIVE;
				GCC_WARN_UNUSED_FUNCTION = YES;
				GCC_WARN_UNUSED_VARIABLE = YES;
				IPHONEOS_DEPLOYMENT_TARGET = 9.2;
				MTL_ENABLE_DEBUG_INFO = NO;
				SDKROOT = iphoneos;
				TARGETED_DEVICE_FAMILY = "1,2";
				VALIDATE_PRODUCT = YES;
			};
			name = Release;
		};
		1977F4F11BE7AB1D00F29A74 /* Debug */ = {
			isa = XCBuildConfiguration;
			buildSettings = {
				ASSETCATALOG_COMPILER_APPICON_NAME = AppIcon;
				CODE_SIGN_IDENTITY = "iPhone Developer";
				"CODE_SIGN_IDENTITY[sdk=iphoneos*]" = "iPhone Developer";
				INFOPLIST_FILE = CoffeApp/Info.plist;
				LD_RUNPATH_SEARCH_PATHS = "$(inherited) @executable_path/Frameworks";
				PRODUCT_BUNDLE_IDENTIFIER = vr1.CoffeApp;
				PRODUCT_NAME = "$(TARGET_NAME)";
				PROVISIONING_PROFILE = "";
			};
			name = Debug;
		};
		1977F4F21BE7AB1D00F29A74 /* Release */ = {
			isa = XCBuildConfiguration;
			buildSettings = {
				ASSETCATALOG_COMPILER_APPICON_NAME = AppIcon;
				CODE_SIGN_IDENTITY = "iPhone Developer";
				"CODE_SIGN_IDENTITY[sdk=iphoneos*]" = "iPhone Developer";
				INFOPLIST_FILE = CoffeApp/Info.plist;
				LD_RUNPATH_SEARCH_PATHS = "$(inherited) @executable_path/Frameworks";
				PRODUCT_BUNDLE_IDENTIFIER = vr1.CoffeApp;
				PRODUCT_NAME = "$(TARGET_NAME)";
				PROVISIONING_PROFILE = "";
			};
			name = Release;
		};
/* End XCBuildConfiguration section */

/* Begin XCConfigurationList section */
		1977F4D41BE7AB1D00F29A74 /* Build configuration list for PBXProject "CoffeApp" */ = {
			isa = XCConfigurationList;
			buildConfigurations = (
				1977F4EE1BE7AB1D00F29A74 /* Debug */,
				1977F4EF1BE7AB1D00F29A74 /* Release */,
			);
			defaultConfigurationIsVisible = 0;
			defaultConfigurationName = Release;
		};
		1977F4F01BE7AB1D00F29A74 /* Build configuration list for PBXNativeTarget "CoffeApp" */ = {
			isa = XCConfigurationList;
			buildConfigurations = (
				1977F4F11BE7AB1D00F29A74 /* Debug */,
				1977F4F21BE7AB1D00F29A74 /* Release */,
			);
			defaultConfigurationIsVisible = 0;
		};
/* End XCConfigurationList section */
	};
	rootObject = 1977F4D11BE7AB1D00F29A74 /* Project object */;
}
